
Microsoft Visual Studio Solution File, Format Version 12.00
# Visual Studio Version 17
VisualStudioVersion = 17.11.35303.130
MinimumVisualStudioVersion = 10.0.40219.1
Project("{8BC9CEB8-8B4A-11D0-8D11-00A0C91BC942}") = "4.2.3", "4.2.3\4.2.3.vcxproj", "{B48AAE6E-AFED-44EA-B5ED-759645C7728A}"
EndProject
Global
	GlobalSection(SolutionConfigurationPlatforms) = preSolution
		Debug|x64 = Debug|x64
		Debug|x86 = Debug|x86
		Release|x64 = Release|x64
		Release|x86 = Release|x86
	EndGlobalSection
	GlobalSection(ProjectConfigurationPlatforms) = postSolution
		{B48AAE6E-AFED-44EA-B5ED-759645C7728A}.Debug|x64.ActiveCfg = Debug|x64
		{B48AAE6E-AFED-44EA-B5ED-759645C7728A}.Debug|x64.Build.0 = Debug|x64
		{B48AAE6E-AFED-44EA-B5ED-759645C7728A}.Debug|x86.ActiveCfg = Debug|Win32
		{B48AAE6E-AFED-44EA-B5ED-759645C7728A}.Debug|x86.Build.0 = Debug|Win32
		{B48AAE6E-AFED-44EA-B5ED-759645C7728A}.Release|x64.ActiveCfg = Release|x64
		{B48AAE6E-AFED-44EA-B5ED-759645C7728A}.Release|x64.Build.0 = Release|x64
		{B48AAE6E-AFED-44EA-B5ED-759645C7728A}.Release|x86.ActiveCfg = Release|Win32
		{B48AAE6E-AFED-44EA-B5ED-759645C7728A}.Release|x86.Build.0 = Release|Win32
	EndGlobalSection
	GlobalSection(SolutionProperties) = preSolution
		HideSolutionNode = FALSE
	EndGlobalSection
	GlobalSection(ExtensibilityGlobals) = postSolution
		SolutionGuid = {0161B771-3B8C-40C0-AA55-51D081154F67}
	EndGlobalSection
EndGlobal
